
Microsoft Visual Studio Solution File, Format Version 12.00
# Visual Studio Version 17
VisualStudioVersion = 17.6.33829.357
MinimumVisualStudioVersion = 10.0.40219.1
Project("{FAE04EC0-301F-11D3-BF4B-00C04F79EFBC}") = "FinalProjectWebAPI", "FinalProjectWebAPI.csproj", "{D11BC739-BD14-409A-B590-587760DD6C57}"
EndProject
Global
	GlobalSection(SolutionConfigurationPlatforms) = preSolution
		Debug|Any CPU = Debug|Any CPU
		Release|Any CPU = Release|Any CPU
	EndGlobalSection
	GlobalSection(ProjectConfigurationPlatforms) = postSolution
		{D11BC739-BD14-409A-B590-587760DD6C57}.Debug|Any CPU.ActiveCfg = Debug|Any CPU
		{D11BC739-BD14-409A-B590-587760DD6C57}.Debug|Any CPU.Build.0 = Debug|Any CPU
		{D11BC739-BD14-409A-B590-587760DD6C57}.Release|Any CPU.ActiveCfg = Release|Any CPU
		{D11BC739-BD14-409A-B590-587760DD6C57}.Release|Any CPU.Build.0 = Release|Any CPU
	EndGlobalSection
	GlobalSection(SolutionProperties) = preSolution
		HideSolutionNode = FALSE
	EndGlobalSection
	GlobalSection(ExtensibilityGlobals) = postSolution
		SolutionGuid = {4ADA9790-79D6-44E4-BE3A-CDCDBBCC4F5C}
	EndGlobalSection
EndGlobal
